// !$*UTF8*$!
{
	archiveVersion = 1;
	classes = {
	};
	objectVersion = 50;
	objects = {

/* Begin PBXBuildFile section */
		7E8E675425450668005DB19E /* UIUC_course_explorerApp.swift in Sources */ = {isa = PBXBuildFile; fileRef = 7E8E675325450668005DB19E /* UIUC_course_explorerApp.swift */; };
		7E8E675625450668005DB19E /* ContentView.swift in Sources */ = {isa = PBXBuildFile; fileRef = 7E8E675525450668005DB19E /* ContentView.swift */; };
		7E8E675825450669005DB19E /* Assets.xcassets in Resources */ = {isa = PBXBuildFile; fileRef = 7E8E675725450669005DB19E /* Assets.xcassets */; };
		7E8E675B25450669005DB19E /* Preview Assets.xcassets in Resources */ = {isa = PBXBuildFile; fileRef = 7E8E675A25450669005DB19E /* Preview Assets.xcassets */; };
		7E8F89F42545705000A04763 /* courseData01.json in Resources */ = {isa = PBXBuildFile; fileRef = 7E8F89F02545705000A04763 /* courseData01.json */; };
		7E8F89F52545705000A04763 /* courseData03.json in Resources */ = {isa = PBXBuildFile; fileRef = 7E8F89F12545705000A04763 /* courseData03.json */; };
		7E8F89F62545705000A04763 /* courseData02.json in Resources */ = {isa = PBXBuildFile; fileRef = 7E8F89F22545705000A04763 /* courseData02.json */; };
		7E8F89F72545705000A04763 /* courseData00.json in Resources */ = {isa = PBXBuildFile; fileRef = 7E8F89F32545705000A04763 /* courseData00.json */; };
		7E8F8A03254574A200A04763 /* courseData.json in Resources */ = {isa = PBXBuildFile; fileRef = 7E8F8A02254574A200A04763 /* courseData.json */; };
		7E8F8A0A25457B3700A04763 /* courseData.json in Resources */ = {isa = PBXBuildFile; fileRef = 7E8F8A0925457B3700A04763 /* courseData.json */; };
		7ED1696125457C960071D0F8 /* courseData.json in Resources */ = {isa = PBXBuildFile; fileRef = 7ED1696025457C960071D0F8 /* courseData.json */; };
		7ED68F952545598900045CDA /* DataJSON.swift in Sources */ = {isa = PBXBuildFile; fileRef = 7ED68F942545598900045CDA /* DataJSON.swift */; };
		7ED68F9D25455A0B00045CDA /* Course.swift in Sources */ = {isa = PBXBuildFile; fileRef = 7ED68F9C25455A0B00045CDA /* Course.swift */; };
		7ED68FA025455A1E00045CDA /* CourseItem.swift in Sources */ = {isa = PBXBuildFile; fileRef = 7ED68F9F25455A1E00045CDA /* CourseItem.swift */; };
		7ED68FA325455A2F00045CDA /* CourseList.swift in Sources */ = {isa = PBXBuildFile; fileRef = 7ED68FA225455A2F00045CDA /* CourseList.swift */; };
/* End PBXBuildFile section */

/* Begin PBXFileReference section */
		7E8E675025450668005DB19E /* UIUC-course-explorer.app */ = {isa = PBXFileReference; explicitFileType = wrapper.application; includeInIndex = 0; path = "UIUC-course-explorer.app"; sourceTree = BUILT_PRODUCTS_DIR; };
		7E8E675325450668005DB19E /* UIUC_course_explorerApp.swift */ = {isa = PBXFileReference; lastKnownFileType = sourcecode.swift; path = UIUC_course_explorerApp.swift; sourceTree = "<group>"; };
		7E8E675525450668005DB19E /* ContentView.swift */ = {isa = PBXFileReference; lastKnownFileType = sourcecode.swift; path = ContentView.swift; sourceTree = "<group>"; };
		7E8E675725450669005DB19E /* Assets.xcassets */ = {isa = PBXFileReference; lastKnownFileType = folder.assetcatalog; path = Assets.xcassets; sourceTree = "<group>"; };
		7E8E675A25450669005DB19E /* Preview Assets.xcassets */ = {isa = PBXFileReference; lastKnownFileType = folder.assetcatalog; path = "Preview Assets.xcassets"; sourceTree = "<group>"; };
		7E8E675C25450669005DB19E /* Info.plist */ = {isa = PBXFileReference; lastKnownFileType = text.plist.xml; path = Info.plist; sourceTree = "<group>"; };
		7E8F89F02545705000A04763 /* courseData01.json */ = {isa = PBXFileReference; fileEncoding = 4; lastKnownFileType = text.json; name = courseData01.json; path = "UIUC-course-explorer/Courses/courseData01.json"; sourceTree = SOURCE_ROOT; };
		7E8F89F12545705000A04763 /* courseData03.json */ = {isa = PBXFileReference; fileEncoding = 4; lastKnownFileType = text.json; name = courseData03.json; path = "UIUC-course-explorer/Courses/courseData03.json"; sourceTree = SOURCE_ROOT; };
		7E8F89F22545705000A04763 /* courseData02.json */ = {isa = PBXFileReference; fileEncoding = 4; lastKnownFileType = text.json; name = courseData02.json; path = "UIUC-course-explorer/Courses/courseData02.json"; sourceTree = SOURCE_ROOT; };
		7E8F89F32545705000A04763 /* courseData00.json */ = {isa = PBXFileReference; fileEncoding = 4; lastKnownFileType = text.json; name = courseData00.json; path = "UIUC-course-explorer/Courses/courseData00.json"; sourceTree = SOURCE_ROOT; };
		7E8F8A02254574A200A04763 /* courseData.json */ = {isa = PBXFileReference; fileEncoding = 4; lastKnownFileType = text.json; path = courseData.json; sourceTree = "<group>"; };
		7E8F8A0925457B3700A04763 /* courseData.json */ = {isa = PBXFileReference; fileEncoding = 4; lastKnownFileType = text.json; name = courseData.json; path = ../../../../Coding/courseData.json; sourceTree = "<group>"; };
		7ED1696025457C960071D0F8 /* courseData.json */ = {isa = PBXFileReference; fileEncoding = 4; lastKnownFileType = text.json; path = courseData.json; sourceTree = "<group>"; };
		7ED68F942545598900045CDA /* DataJSON.swift */ = {isa = PBXFileReference; lastKnownFileType = sourcecode.swift; path = DataJSON.swift; sourceTree = "<group>"; };
		7ED68F9C25455A0B00045CDA /* Course.swift */ = {isa = PBXFileReference; lastKnownFileType = sourcecode.swift; path = Course.swift; sourceTree = "<group>"; };
		7ED68F9F25455A1E00045CDA /* CourseItem.swift */ = {isa = PBXFileReference; lastKnownFileType = sourcecode.swift; path = CourseItem.swift; sourceTree = "<group>"; };
		7ED68FA225455A2F00045CDA /* CourseList.swift */ = {isa = PBXFileReference; lastKnownFileType = sourcecode.swift; path = CourseList.swift; sourceTree = "<group>"; };
/* End PBXFileReference section */

/* Begin PBXFrameworksBuildPhase section */
		7E8E674D25450668005DB19E /* Frameworks */ = {
			isa = PBXFrameworksBuildPhase;
			buildActionMask = 2147483647;
			files = (
			);
			runOnlyForDeploymentPostprocessing = 0;
		};
/* End PBXFrameworksBuildPhase section */

/* Begin PBXGroup section */
		7E8E674725450668005DB19E = {
			isa = PBXGroup;
			children = (
				7E8E675225450668005DB19E /* UIUC-course-explorer */,
				7E8E675125450668005DB19E /* Products */,
			);
			sourceTree = "<group>";
		};
		7E8E675125450668005DB19E /* Products */ = {
			isa = PBXGroup;
			children = (
				7E8E675025450668005DB19E /* UIUC-course-explorer.app */,
			);
			name = Products;
			sourceTree = "<group>";
		};
		7E8E675225450668005DB19E /* UIUC-course-explorer */ = {
			isa = PBXGroup;
			children = (
				7E8E675325450668005DB19E /* UIUC_course_explorerApp.swift */,
				7E8E675525450668005DB19E /* ContentView.swift */,
				7E8E675725450669005DB19E /* Assets.xcassets */,
				7E8E675C25450669005DB19E /* Info.plist */,
				7E8E675925450669005DB19E /* Preview Content */,
				7ED68FA525455A3B00045CDA /* Courses */,
			);
			path = "UIUC-course-explorer";
			sourceTree = "<group>";
		};
		7E8E675925450669005DB19E /* Preview Content */ = {
			isa = PBXGroup;
			children = (
				7E8F8A02254574A200A04763 /* courseData.json */,
				7E8F8A0925457B3700A04763 /* courseData.json */,
				7E8F89F32545705000A04763 /* courseData00.json */,
				7E8F89F02545705000A04763 /* courseData01.json */,
				7E8F89F22545705000A04763 /* courseData02.json */,
				7E8F89F12545705000A04763 /* courseData03.json */,
				7E8E675A25450669005DB19E /* Preview Assets.xcassets */,
			);
			path = "Preview Content";
			sourceTree = "<group>";
		};
		7ED68FA525455A3B00045CDA /* Courses */ = {
			isa = PBXGroup;
			children = (
				7ED1696025457C960071D0F8 /* courseData.json */,
				7ED68F942545598900045CDA /* DataJSON.swift */,
				7ED68F9C25455A0B00045CDA /* Course.swift */,
				7ED68F9F25455A1E00045CDA /* CourseItem.swift */,
				7ED68FA225455A2F00045CDA /* CourseList.swift */,
			);
			path = Courses;
			sourceTree = "<group>";
		};
/* End PBXGroup section */

/* Begin PBXNativeTarget section */
		7E8E674F25450668005DB19E /* UIUC-course-explorer */ = {
			isa = PBXNativeTarget;
			buildConfigurationList = 7E8E675F25450669005DB19E /* Build configuration list for PBXNativeTarget "UIUC-course-explorer" */;
			buildPhases = (
				7E8E674C25450668005DB19E /* Sources */,
				7E8E674D25450668005DB19E /* Frameworks */,
				7E8E674E25450668005DB19E /* Resources */,
			);
			buildRules = (
			);
			dependencies = (
			);
			name = "UIUC-course-explorer";
			productName = "UIUC-course-explorer";
			productReference = 7E8E675025450668005DB19E /* UIUC-course-explorer.app */;
			productType = "com.apple.product-type.application";
		};
/* End PBXNativeTarget section */

/* Begin PBXProject section */
		7E8E674825450668005DB19E /* Project object */ = {
			isa = PBXProject;
			attributes = {
				LastSwiftUpdateCheck = 1200;
				LastUpgradeCheck = 1200;
				TargetAttributes = {
					7E8E674F25450668005DB19E = {
						CreatedOnToolsVersion = 12.0.1;
					};
				};
			};
			buildConfigurationList = 7E8E674B25450668005DB19E /* Build configuration list for PBXProject "UIUC-course-explorer" */;
			compatibilityVersion = "Xcode 9.3";
			developmentRegion = en;
			hasScannedForEncodings = 0;
			knownRegions = (
				en,
				Base,
			);
			mainGroup = 7E8E674725450668005DB19E;
			productRefGroup = 7E8E675125450668005DB19E /* Products */;
			projectDirPath = "";
			projectRoot = "";
			targets = (
				7E8E674F25450668005DB19E /* UIUC-course-explorer */,
			);
		};
/* End PBXProject section */

/* Begin PBXResourcesBuildPhase section */
		7E8E674E25450668005DB19E /* Resources */ = {
			isa = PBXResourcesBuildPhase;
			buildActionMask = 2147483647;
			files = (
				7E8F89F72545705000A04763 /* courseData00.json in Resources */,
				7E8F89F42545705000A04763 /* courseData01.json in Resources */,
				7E8F8A0A25457B3700A04763 /* courseData.json in Resources */,
				7E8E675B25450669005DB19E /* Preview Assets.xcassets in Resources */,
				7E8E675825450669005DB19E /* Assets.xcassets in Resources */,
				7E8F8A03254574A200A04763 /* courseData.json in Resources */,
				7E8F89F52545705000A04763 /* courseData03.json in Resources */,
				7E8F89F62545705000A04763 /* courseData02.json in Resources */,
				7ED1696125457C960071D0F8 /* courseData.json in Resources */,
			);
			runOnlyForDeploymentPostprocessing = 0;
		};
/* End PBXResourcesBuildPhase section */

/* Begin PBXSourcesBuildPhase section */
		7E8E674C25450668005DB19E /* Sources */ = {
			isa = PBXSourcesBuildPhase;
			buildActionMask = 2147483647;
			files = (
				7ED68F9D25455A0B00045CDA /* Course.swift in Sources */,
				7ED68FA025455A1E00045CDA /* CourseItem.swift in Sources */,
				7E8E675625450668005DB19E /* ContentView.swift in Sources */,
				7E8E675425450668005DB19E /* UIUC_course_explorerApp.swift in Sources */,
				7ED68FA325455A2F00045CDA /* CourseList.swift in Sources */,
				7ED68F952545598900045CDA /* DataJSON.swift in Sources */,
			);
			runOnlyForDeploymentPostprocessing = 0;
		};
/* End PBXSourcesBuildPhase section */

/* Begin XCBuildConfiguration section */
		7E8E675D25450669005DB19E /* Debug */ = {
			isa = XCBuildConfiguration;
			buildSettings = {
				ALWAYS_SEARCH_USER_PATHS = NO;
				CLANG_ANALYZER_NONNULL = YES;
				CLANG_ANALYZER_NUMBER_OBJECT_CONVERSION = YES_AGGRESSIVE;
				CLANG_CXX_LANGUAGE_STANDARD = "gnu++14";
				CLANG_CXX_LIBRARY = "libc++";
				CLANG_ENABLE_MODULES = YES;
				CLANG_ENABLE_OBJC_ARC = YES;
				CLANG_ENABLE_OBJC_WEAK = YES;
				CLANG_WARN_BLOCK_CAPTURE_AUTORELEASING = YES;
				CLANG_WARN_BOOL_CONVERSION = YES;
				CLANG_WARN_COMMA = YES;
				CLANG_WARN_CONSTANT_CONVERSION = YES;
				CLANG_WARN_DEPRECATED_OBJC_IMPLEMENTATIONS = YES;
				CLANG_WARN_DIRECT_OBJC_ISA_USAGE = YES_ERROR;
				CLANG_WARN_DOCUMENTATION_COMMENTS = YES;
				CLANG_WARN_EMPTY_BODY = YES;
				CLANG_WARN_ENUM_CONVERSION = YES;
				CLANG_WARN_INFINITE_RECURSION = YES;
				CLANG_WARN_INT_CONVERSION = YES;
				CLANG_WARN_NON_LITERAL_NULL_CONVERSION = YES;
				CLANG_WARN_OBJC_IMPLICIT_RETAIN_SELF = YES;
				CLANG_WARN_OBJC_LITERAL_CONVERSION = YES;
				CLANG_WARN_OBJC_ROOT_CLASS = YES_ERROR;
				CLANG_WARN_QUOTED_INCLUDE_IN_FRAMEWORK_HEADER = YES;
				CLANG_WARN_RANGE_LOOP_ANALYSIS = YES;
				CLANG_WARN_STRICT_PROTOTYPES = YES;
				CLANG_WARN_SUSPICIOUS_MOVE = YES;
				CLANG_WARN_UNGUARDED_AVAILABILITY = YES_AGGRESSIVE;
				CLANG_WARN_UNREACHABLE_CODE = YES;
				CLANG_WARN__DUPLICATE_METHOD_MATCH = YES;
				COPY_PHASE_STRIP = NO;
				DEBUG_INFORMATION_FORMAT = dwarf;
				ENABLE_STRICT_OBJC_MSGSEND = YES;
				ENABLE_TESTABILITY = YES;
				GCC_C_LANGUAGE_STANDARD = gnu11;
				GCC_DYNAMIC_NO_PIC = NO;
				GCC_NO_COMMON_BLOCKS = YES;
				GCC_OPTIMIZATION_LEVEL = 0;
				GCC_PREPROCESSOR_DEFINITIONS = (
					"DEBUG=1",
					"$(inherited)",
				);
				GCC_WARN_64_TO_32_BIT_CONVERSION = YES;
				GCC_WARN_ABOUT_RETURN_TYPE = YES_ERROR;
				GCC_WARN_UNDECLARED_SELECTOR = YES;
				GCC_WARN_UNINITIALIZED_AUTOS = YES_AGGRESSIVE;
				GCC_WARN_UNUSED_FUNCTION = YES;
				GCC_WARN_UNUSED_VARIABLE = YES;
				IPHONEOS_DEPLOYMENT_TARGET = 14.0;
				MTL_ENABLE_DEBUG_INFO = INCLUDE_SOURCE;
				MTL_FAST_MATH = YES;
				ONLY_ACTIVE_ARCH = YES;
				SDKROOT = iphoneos;
				SWIFT_ACTIVE_COMPILATION_CONDITIONS = DEBUG;
				SWIFT_OPTIMIZATION_LEVEL = "-Onone";
			};
			name = Debug;
		};
		7E8E675E25450669005DB19E /* Release */ = {
			isa = XCBuildConfiguration;
			buildSettings = {
				ALWAYS_SEARCH_USER_PATHS = NO;
				CLANG_ANALYZER_NONNULL = YES;
				CLANG_ANALYZER_NUMBER_OBJECT_CONVERSION = YES_AGGRESSIVE;
				CLANG_CXX_LANGUAGE_STANDARD = "gnu++14";
				CLANG_CXX_LIBRARY = "libc++";
				CLANG_ENABLE_MODULES = YES;
				CLANG_ENABLE_OBJC_ARC = YES;
				CLANG_ENABLE_OBJC_WEAK = YES;
				CLANG_WARN_BLOCK_CAPTURE_AUTORELEASING = YES;
				CLANG_WARN_BOOL_CONVERSION = YES;
				CLANG_WARN_COMMA = YES;
				CLANG_WARN_CONSTANT_CONVERSION = YES;
				CLANG_WARN_DEPRECATED_OBJC_IMPLEMENTATIONS = YES;
				CLANG_WARN_DIRECT_OBJC_ISA_USAGE = YES_ERROR;
				CLANG_WARN_DOCUMENTATION_COMMENTS = YES;
				CLANG_WARN_EMPTY_BODY = YES;
				CLANG_WARN_ENUM_CONVERSION = YES;
				CLANG_WARN_INFINITE_RECURSION = YES;
				CLANG_WARN_INT_CONVERSION = YES;
				CLANG_WARN_NON_LITERAL_NULL_CONVERSION = YES;
				CLANG_WARN_OBJC_IMPLICIT_RETAIN_SELF = YES;
				CLANG_WARN_OBJC_LITERAL_CONVERSION = YES;
				CLANG_WARN_OBJC_ROOT_CLASS = YES_ERROR;
				CLANG_WARN_QUOTED_INCLUDE_IN_FRAMEWORK_HEADER = YES;
				CLANG_WARN_RANGE_LOOP_ANALYSIS = YES;
				CLANG_WARN_STRICT_PROTOTYPES = YES;
				CLANG_WARN_SUSPICIOUS_MOVE = YES;
				CLANG_WARN_UNGUARDED_AVAILABILITY = YES_AGGRESSIVE;
				CLANG_WARN_UNREACHABLE_CODE = YES;
				CLANG_WARN__DUPLICATE_METHOD_MATCH = YES;
				COPY_PHASE_STRIP = NO;
				DEBUG_INFORMATION_FORMAT = "dwarf-with-dsym";
				ENABLE_NS_ASSERTIONS = NO;
				ENABLE_STRICT_OBJC_MSGSEND = YES;
				GCC_C_LANGUAGE_STANDARD = gnu11;
				GCC_NO_COMMON_BLOCKS = YES;
				GCC_WARN_64_TO_32_BIT_CONVERSION = YES;
				GCC_WARN_ABOUT_RETURN_TYPE = YES_ERROR;
				GCC_WARN_UNDECLARED_SELECTOR = YES;
				GCC_WARN_UNINITIALIZED_AUTOS = YES_AGGRESSIVE;
				GCC_WARN_UNUSED_FUNCTION = YES;
				GCC_WARN_UNUSED_VARIABLE = YES;
				IPHONEOS_DEPLOYMENT_TARGET = 14.0;
				MTL_ENABLE_DEBUG_INFO = NO;
				MTL_FAST_MATH = YES;
				SDKROOT = iphoneos;
				SWIFT_COMPILATION_MODE = wholemodule;
				SWIFT_OPTIMIZATION_LEVEL = "-O";
				VALIDATE_PRODUCT = YES;
			};
			name = Release;
		};
		7E8E676025450669005DB19E /* Debug */ = {
			isa = XCBuildConfiguration;
			buildSettings = {
				ASSETCATALOG_COMPILER_APPICON_NAME = AppIcon;
				ASSETCATALOG_COMPILER_GLOBAL_ACCENT_COLOR_NAME = AccentColor;
				CODE_SIGN_STYLE = Automatic;
				DEVELOPMENT_ASSET_PATHS = "\"UIUC-course-explorer/Preview Content\"";
				ENABLE_PREVIEWS = YES;
				INFOPLIST_FILE = "UIUC-course-explorer/Info.plist";
				IPHONEOS_DEPLOYMENT_TARGET = 14.0;
				LD_RUNPATH_SEARCH_PATHS = (
					"$(inherited)",
					"@executable_path/Frameworks",
				);
				PRODUCT_BUNDLE_IDENTIFIER = "COM.Conner.UIUC-course-explorer";
				PRODUCT_NAME = "$(TARGET_NAME)";
				SWIFT_VERSION = 5.0;
				TARGETED_DEVICE_FAMILY = "1,2";
			};
			name = Debug;
		};
		7E8E676125450669005DB19E /* Release */ = {
			isa = XCBuildConfiguration;
			buildSettings = {
				ASSETCATALOG_COMPILER_APPICON_NAME = AppIcon;
				ASSETCATALOG_COMPILER_GLOBAL_ACCENT_COLOR_NAME = AccentColor;
				CODE_SIGN_STYLE = Automatic;
				DEVELOPMENT_ASSET_PATHS = "\"UIUC-course-explorer/Preview Content\"";
				ENABLE_PREVIEWS = YES;
				INFOPLIST_FILE = "UIUC-course-explorer/Info.plist";
				IPHONEOS_DEPLOYMENT_TARGET = 14.0;
				LD_RUNPATH_SEARCH_PATHS = (
					"$(inherited)",
					"@executable_path/Frameworks",
				);
				PRODUCT_BUNDLE_IDENTIFIER = "COM.Conner.UIUC-course-explorer";
				PRODUCT_NAME = "$(TARGET_NAME)";
				SWIFT_VERSION = 5.0;
				TARGETED_DEVICE_FAMILY = "1,2";
			};
			name = Release;
		};
/* End XCBuildConfiguration section */

/* Begin XCConfigurationList section */
		7E8E674B25450668005DB19E /* Build configuration list for PBXProject "UIUC-course-explorer" */ = {
			isa = XCConfigurationList;
			buildConfigurations = (
				7E8E675D25450669005DB19E /* Debug */,
				7E8E675E25450669005DB19E /* Release */,
			);
			defaultConfigurationIsVisible = 0;
			defaultConfigurationName = Release;
		};
		7E8E675F25450669005DB19E /* Build configuration list for PBXNativeTarget "UIUC-course-explorer" */ = {
			isa = XCConfigurationList;
			buildConfigurations = (
				7E8E676025450669005DB19E /* Debug */,
				7E8E676125450669005DB19E /* Release */,
			);
			defaultConfigurationIsVisible = 0;
			defaultConfigurationName = Release;
		};
/* End XCConfigurationList section */
	};
	rootObject = 7E8E674825450668005DB19E /* Project object */;
}
